
Microsoft Visual Studio Solution File, Format Version 12.00
# Visual Studio Version 16
VisualStudioVersion = 16.0.30711.63
MinimumVisualStudioVersion = 10.0.40219.1
Project("{8BC9CEB8-8B4A-11D0-8D11-00A0C91BC942}") = "_04_Zeydel_3D_ConvDiff", "_04_Zeydel_3D_ConvDiff.vcxproj", "{11CD4E55-113C-4C60-A3FC-36D058E20C37}"
EndProject
Global
	GlobalSection(SolutionConfigurationPlatforms) = preSolution
		Debug|x64 = Debug|x64
		Release|x64 = Release|x64
	EndGlobalSection
	GlobalSection(ProjectConfigurationPlatforms) = postSolution
		{11CD4E55-113C-4C60-A3FC-36D058E20C37}.Debug|x64.ActiveCfg = Debug|x64
		{11CD4E55-113C-4C60-A3FC-36D058E20C37}.Debug|x64.Build.0 = Debug|x64
		{11CD4E55-113C-4C60-A3FC-36D058E20C37}.Release|x64.ActiveCfg = Release|x64
		{11CD4E55-113C-4C60-A3FC-36D058E20C37}.Release|x64.Build.0 = Release|x64
	EndGlobalSection
	GlobalSection(SolutionProperties) = preSolution
		HideSolutionNode = FALSE
	EndGlobalSection
	GlobalSection(ExtensibilityGlobals) = postSolution
		SolutionGuid = {8FBBAD99-B8F6-4296-B53C-9BC976EDC95B}
	EndGlobalSection
EndGlobal
